
Microsoft Visual Studio Solution File, Format Version 12.00
# Visual Studio Version 17
VisualStudioVersion = 17.13.35931.197 d17.13
MinimumVisualStudioVersion = 10.0.40219.1
Project("{FAE04EC0-301F-11D3-BF4B-00C04F79EFBC}") = "MyAzureApp", "MyAzureApp.csproj", "{C42977C0-3722-0769-8080-F8508636F567}"
EndProject
Global
	GlobalSection(SolutionConfigurationPlatforms) = preSolution
		Debug|Any CPU = Debug|Any CPU
		Release|Any CPU = Release|Any CPU
	EndGlobalSection
	GlobalSection(ProjectConfigurationPlatforms) = postSolution
		{C42977C0-3722-0769-8080-F8508636F567}.Debug|Any CPU.ActiveCfg = Debug|Any CPU
		{C42977C0-3722-0769-8080-F8508636F567}.Debug|Any CPU.Build.0 = Debug|Any CPU
		{C42977C0-3722-0769-8080-F8508636F567}.Release|Any CPU.ActiveCfg = Release|Any CPU
		{C42977C0-3722-0769-8080-F8508636F567}.Release|Any CPU.Build.0 = Release|Any CPU
	EndGlobalSection
	GlobalSection(SolutionProperties) = preSolution
		HideSolutionNode = FALSE
	EndGlobalSection
	GlobalSection(ExtensibilityGlobals) = postSolution
		SolutionGuid = {A237F477-3CC6-47B2-A384-03466B47A8FF}
	EndGlobalSection
EndGlobal
