
Microsoft Visual Studio Solution File, Format Version 12.00
# Visual Studio Version 17
VisualStudioVersion = 17.13.35931.197 d17.13
MinimumVisualStudioVersion = 10.0.40219.1
Project("{FAE04EC0-301F-11D3-BF4B-00C04F79EFBC}") = "labCloud№3", "labCloud№3.csproj", "{7248379F-91A5-43C8-A41D-C37850947642}"
EndProject
Global
	GlobalSection(SolutionConfigurationPlatforms) = preSolution
		Debug|Any CPU = Debug|Any CPU
		Release|Any CPU = Release|Any CPU
	EndGlobalSection
	GlobalSection(ProjectConfigurationPlatforms) = postSolution
		{7248379F-91A5-43C8-A41D-C37850947642}.Debug|Any CPU.ActiveCfg = Debug|Any CPU
		{7248379F-91A5-43C8-A41D-C37850947642}.Debug|Any CPU.Build.0 = Debug|Any CPU
		{7248379F-91A5-43C8-A41D-C37850947642}.Release|Any CPU.ActiveCfg = Release|Any CPU
		{7248379F-91A5-43C8-A41D-C37850947642}.Release|Any CPU.Build.0 = Release|Any CPU
	EndGlobalSection
	GlobalSection(SolutionProperties) = preSolution
		HideSolutionNode = FALSE
	EndGlobalSection
	GlobalSection(ExtensibilityGlobals) = postSolution
		SolutionGuid = {747F55F1-F10F-4DC8-A31F-C200EC218F71}
	EndGlobalSection
EndGlobal
